
Microsoft Visual Studio Solution File, Format Version 12.00
# Visual Studio 15
VisualStudioVersion = 15.0.26014.0
MinimumVisualStudioVersion = 10.0.40219.1
Project("{8BC9CEB8-8B4A-11D0-8D11-00A0C91BC942}") = "ImageManager", "ImageManager\ImageManager.vcxproj", "{EA8996FA-6059-4752-8708-08930AA04A1A}"
EndProject
Project("{2150E333-8FDC-42A3-9474-1A3956D46DE8}") = "Sample", "Sample", "{9B0F5688-C313-4B14-AF00-71E8D3621AAF}"
EndProject
Project("{8BC9CEB8-8B4A-11D0-8D11-00A0C91BC942}") = "TImage", "TImage\TImage.vcxproj", "{8FBCF510-ED18-401A-954D-12573B786994}"
EndProject
Global
	GlobalSection(SolutionConfigurationPlatforms) = preSolution
		Debug|x64 = Debug|x64
		Debug|x86 = Debug|x86
		Release|x64 = Release|x64
		Release|x86 = Release|x86
	EndGlobalSection
	GlobalSection(ProjectConfigurationPlatforms) = postSolution
		{EA8996FA-6059-4752-8708-08930AA04A1A}.Debug|x64.ActiveCfg = Debug|x64
		{EA8996FA-6059-4752-8708-08930AA04A1A}.Debug|x64.Build.0 = Debug|x64
		{EA8996FA-6059-4752-8708-08930AA04A1A}.Debug|x86.ActiveCfg = Debug|Win32
		{EA8996FA-6059-4752-8708-08930AA04A1A}.Debug|x86.Build.0 = Debug|Win32
		{EA8996FA-6059-4752-8708-08930AA04A1A}.Release|x64.ActiveCfg = Release|x64
		{EA8996FA-6059-4752-8708-08930AA04A1A}.Release|x64.Build.0 = Release|x64
		{EA8996FA-6059-4752-8708-08930AA04A1A}.Release|x86.ActiveCfg = Release|Win32
		{EA8996FA-6059-4752-8708-08930AA04A1A}.Release|x86.Build.0 = Release|Win32
		{8FBCF510-ED18-401A-954D-12573B786994}.Debug|x64.ActiveCfg = Debug|x64
		{8FBCF510-ED18-401A-954D-12573B786994}.Debug|x64.Build.0 = Debug|x64
		{8FBCF510-ED18-401A-954D-12573B786994}.Debug|x86.ActiveCfg = Debug|Win32
		{8FBCF510-ED18-401A-954D-12573B786994}.Debug|x86.Build.0 = Debug|Win32
		{8FBCF510-ED18-401A-954D-12573B786994}.Release|x64.ActiveCfg = Release|x64
		{8FBCF510-ED18-401A-954D-12573B786994}.Release|x64.Build.0 = Release|x64
		{8FBCF510-ED18-401A-954D-12573B786994}.Release|x86.ActiveCfg = Release|Win32
		{8FBCF510-ED18-401A-954D-12573B786994}.Release|x86.Build.0 = Release|Win32
	EndGlobalSection
	GlobalSection(SolutionProperties) = preSolution
		HideSolutionNode = FALSE
	EndGlobalSection
	GlobalSection(NestedProjects) = preSolution
		{8FBCF510-ED18-401A-954D-12573B786994} = {9B0F5688-C313-4B14-AF00-71E8D3621AAF}
	EndGlobalSection
EndGlobal
